Microsoft Visual Studio Solution File, Format Version 12.00
# Visual Studio 15
VisualStudioVersion = 15.0.28010.2036
MinimumVisualStudioVersion = 10.0.40219.1
Project("{8BC9CEB8-8B4A-11D0-8D11-00A0C91BC942}") = "PhongModel", "PhongModel.vcxproj", "{127A835D-388E-44F6-8091-4C89E1793569}"
EndProject
Global
	GlobalSection(SolutionConfigurationPlatforms) = preSolution
		Debug|x86 = Debug|x86
		Release|x86 = Release|x86
	EndGlobalSection
	GlobalSection(ProjectConfigurationPlatforms) = postSolution
		{127A835D-388E-44F6-8091-4C89E1793569}.Debug|x86.ActiveCfg = Debug|Win32
		{127A835D-388E-44F6-8091-4C89E1793569}.Debug|x86.Build.0 = Debug|Win32
		{127A835D-388E-44F6-8091-4C89E1793569}.Release|x86.ActiveCfg = Release|Win32
		{127A835D-388E-44F6-8091-4C89E1793569}.Release|x86.Build.0 = Release|Win32
	EndGlobalSection
	GlobalSection(SolutionProperties) = preSolution
		HideSolutionNode = FALSE
	EndGlobalSection
	GlobalSection(ExtensibilityGlobals) = postSolution
		SolutionGuid = {53F0A289-3FBF-463E-B60A-5F904C90AAA1}
	EndGlobalSection
EndGlobal
